// !$*UTF8*$!
{
	archiveVersion = 1;
	classes = {
	};
	objectVersion = 51;
	objects = {

/* Begin PBXBuildFile section */
		94318A8A23A97EC1003D1C3D /* AppDelegate.swift in Sources */ = {isa = PBXBuildFile; fileRef = 94318A8923A97EC1003D1C3D /* AppDelegate.swift */; };
		94318A8C23A97EC1003D1C3D /* SceneDelegate.swift in Sources */ = {isa = PBXBuildFile; fileRef = 94318A8B23A97EC1003D1C3D /* SceneDelegate.swift */; };
		94318A9323A97EC3003D1C3D /* Assets.xcassets in Resources */ = {isa = PBXBuildFile; fileRef = 94318A9223A97EC3003D1C3D /* Assets.xcassets */; };
		94472E8323AC158500DDFD7B /* User.swift in Sources */ = {isa = PBXBuildFile; fileRef = 94472E8223AC158500DDFD7B /* User.swift */; };
		94472E8523AD2FE700DDFD7B /* UserCell.swift in Sources */ = {isa = PBXBuildFile; fileRef = 94472E8423AD2FE700DDFD7B /* UserCell.swift */; };
		94472E8923B1328900DDFD7B /* Launch Screen.storyboard in Resources */ = {isa = PBXBuildFile; fileRef = 94472E8823B1328900DDFD7B /* Launch Screen.storyboard */; };
		9486007123B171970087332C /* SetupNavBarFunctions.swift in Sources */ = {isa = PBXBuildFile; fileRef = 9486007023B171970087332C /* SetupNavBarFunctions.swift */; };
		9486007323B272A90087332C /* TweetCell.swift in Sources */ = {isa = PBXBuildFile; fileRef = 9486007223B272A90087332C /* TweetCell.swift */; };
		9486007523B27A1E0087332C /* Tweet.swift in Sources */ = {isa = PBXBuildFile; fileRef = 9486007423B27A1E0087332C /* Tweet.swift */; };
		9486007723B57E090087332C /* Extensions.swift in Sources */ = {isa = PBXBuildFile; fileRef = 9486007623B57E090087332C /* Extensions.swift */; };
		9486007A23B65DFF0087332C /* Service.swift in Sources */ = {isa = PBXBuildFile; fileRef = 9486007923B65DFF0087332C /* Service.swift */; };
		948E78BD23A9D8B900C8A94D /* HomeDataSourceController.swift in Sources */ = {isa = PBXBuildFile; fileRef = 948E78BC23A9D8B900C8A94D /* HomeDataSourceController.swift */; };
		948E78C223AAA52A00C8A94D /* UserHeaderFooter.swift in Sources */ = {isa = PBXBuildFile; fileRef = 948E78C123AAA52A00C8A94D /* UserHeaderFooter.swift */; };
		948E78C423AAA58000C8A94D /* DataSource.swift in Sources */ = {isa = PBXBuildFile; fileRef = 948E78C323AAA58000C8A94D /* DataSource.swift */; };
		CFD4B076A4AD38F9CC5D3CF1 /* Pods_Twitter_Clone.framework in Frameworks */ = {isa = PBXBuildFile; fileRef = 38E661BBA5EB6AD0821A0309 /* Pods_Twitter_Clone.framework */; };
/* End PBXBuildFile section */

/* Begin PBXFileReference section */
		38E661BBA5EB6AD0821A0309 /* Pods_Twitter_Clone.framework */ = {isa = PBXFileReference; explicitFileType = wrapper.framework; includeInIndex = 0; path = Pods_Twitter_Clone.framework; sourceTree = BUILT_PRODUCTS_DIR; };
		69ED7E211B28BD5BE5FB7BD0 /* Pods-Twitter Clone.debug.xcconfig */ = {isa = PBXFileReference; includeInIndex = 1; lastKnownFileType = text.xcconfig; name = "Pods-Twitter Clone.debug.xcconfig"; path = "Target Support Files/Pods-Twitter Clone/Pods-Twitter Clone.debug.xcconfig"; sourceTree = "<group>"; };
		7B50A1FCC4C53003FD34D0E0 /* Pods-Twitter Clone.release.xcconfig */ = {isa = PBXFileReference; includeInIndex = 1; lastKnownFileType = text.xcconfig; name = "Pods-Twitter Clone.release.xcconfig"; path = "Target Support Files/Pods-Twitter Clone/Pods-Twitter Clone.release.xcconfig"; sourceTree = "<group>"; };
		94318A8623A97EC1003D1C3D /* Twitter Clone.app */ = {isa = PBXFileReference; explicitFileType = wrapper.application; includeInIndex = 0; path = "Twitter Clone.app"; sourceTree = BUILT_PRODUCTS_DIR; };
		94318A8923A97EC1003D1C3D /* AppDelegate.swift */ = {isa = PBXFileReference; lastKnownFileType = sourcecode.swift; path = AppDelegate.swift; sourceTree = "<group>"; };
		94318A8B23A97EC1003D1C3D /* SceneDelegate.swift */ = {isa = PBXFileReference; lastKnownFileType = sourcecode.swift; path = SceneDelegate.swift; sourceTree = "<group>"; };
		94318A9223A97EC3003D1C3D /* Assets.xcassets */ = {isa = PBXFileReference; lastKnownFileType = folder.assetcatalog; path = Assets.xcassets; sourceTree = "<group>"; };
		94318A9723A97EC3003D1C3D /* Info.plist */ = {isa = PBXFileReference; lastKnownFileType = text.plist.xml; path = Info.plist; sourceTree = "<group>"; };
		94472E8223AC158500DDFD7B /* User.swift */ = {isa = PBXFileReference; lastKnownFileType = sourcecode.swift; path = User.swift; sourceTree = "<group>"; };
		94472E8423AD2FE700DDFD7B /* UserCell.swift */ = {isa = PBXFileReference; lastKnownFileType = sourcecode.swift; path = UserCell.swift; sourceTree = "<group>"; };
		94472E8823B1328900DDFD7B /* Launch Screen.storyboard */ = {isa = PBXFileReference; lastKnownFileType = file.storyboard; path = "Launch Screen.storyboard"; sourceTree = "<group>"; };
		9486007023B171970087332C /* SetupNavBarFunctions.swift */ = {isa = PBXFileReference; lastKnownFileType = sourcecode.swift; path = SetupNavBarFunctions.swift; sourceTree = "<group>"; };
		9486007223B272A90087332C /* TweetCell.swift */ = {isa = PBXFileReference; lastKnownFileType = sourcecode.swift; path = TweetCell.swift; sourceTree = "<group>"; };
		9486007423B27A1E0087332C /* Tweet.swift */ = {isa = PBXFileReference; lastKnownFileType = sourcecode.swift; path = Tweet.swift; sourceTree = "<group>"; };
		9486007623B57E090087332C /* Extensions.swift */ = {isa = PBXFileReference; lastKnownFileType = sourcecode.swift; path = Extensions.swift; sourceTree = "<group>"; };
		9486007923B65DFF0087332C /* Service.swift */ = {isa = PBXFileReference; lastKnownFileType = sourcecode.swift; path = Service.swift; sourceTree = "<group>"; };
		948E78BC23A9D8B900C8A94D /* HomeDataSourceController.swift */ = {isa = PBXFileReference; lastKnownFileType = sourcecode.swift; path = HomeDataSourceController.swift; sourceTree = "<group>"; };
		948E78C123AAA52A00C8A94D /* UserHeaderFooter.swift */ = {isa = PBXFileReference; lastKnownFileType = sourcecode.swift; path = UserHeaderFooter.swift; sourceTree = "<group>"; };
		948E78C323AAA58000C8A94D /* DataSource.swift */ = {isa = PBXFileReference; lastKnownFileType = sourcecode.swift; path = DataSource.swift; sourceTree = "<group>"; };
/* End PBXFileReference section */

/* Begin PBXFrameworksBuildPhase section */
		94318A8323A97EC1003D1C3D /* Frameworks */ = {
			isa = PBXFrameworksBuildPhase;
			buildActionMask = 2147483647;
			files = (
				CFD4B076A4AD38F9CC5D3CF1 /* Pods_Twitter_Clone.framework in Frameworks */,
			);
			runOnlyForDeploymentPostprocessing = 0;
		};
/* End PBXFrameworksBuildPhase section */

/* Begin PBXGroup section */
		4FD2FF1604E7AEE85BBDDFFC /* Frameworks */ = {
			isa = PBXGroup;
			children = (
				38E661BBA5EB6AD0821A0309 /* Pods_Twitter_Clone.framework */,
			);
			name = Frameworks;
			sourceTree = "<group>";
		};
		94318A7D23A97EC1003D1C3D = {
			isa = PBXGroup;
			children = (
				94318A8823A97EC1003D1C3D /* Twitter Clone */,
				94318A8723A97EC1003D1C3D /* Products */,
				EAA71E3F3ABEF4F560307A30 /* Pods */,
				4FD2FF1604E7AEE85BBDDFFC /* Frameworks */,
			);
			sourceTree = "<group>";
		};
		94318A8723A97EC1003D1C3D /* Products */ = {
			isa = PBXGroup;
			children = (
				94318A8623A97EC1003D1C3D /* Twitter Clone.app */,
			);
			name = Products;
			sourceTree = "<group>";
		};
		94318A8823A97EC1003D1C3D /* Twitter Clone */ = {
			isa = PBXGroup;
			children = (
				948E78BF23AAA4D900C8A94D /* Model */,
				948E78C023AAA4DE00C8A94D /* View */,
				948E78BE23AAA4D300C8A94D /* Controller */,
				9486006F23B171770087332C /* Extensions */,
				9486007823B65DE60087332C /* Service */,
				94318A8923A97EC1003D1C3D /* AppDelegate.swift */,
				94318A8B23A97EC1003D1C3D /* SceneDelegate.swift */,
				94472E8823B1328900DDFD7B /* Launch Screen.storyboard */,
				94318A9223A97EC3003D1C3D /* Assets.xcassets */,
				94318A9723A97EC3003D1C3D /* Info.plist */,
			);
			path = "Twitter Clone";
			sourceTree = "<group>";
		};
		9486006F23B171770087332C /* Extensions */ = {
			isa = PBXGroup;
			children = (
				9486007023B171970087332C /* SetupNavBarFunctions.swift */,
				9486007623B57E090087332C /* Extensions.swift */,
			);
			path = Extensions;
			sourceTree = "<group>";
		};
		9486007823B65DE60087332C /* Service */ = {
			isa = PBXGroup;
			children = (
				9486007923B65DFF0087332C /* Service.swift */,
			);
			path = Service;
			sourceTree = "<group>";
		};
		948E78BE23AAA4D300C8A94D /* Controller */ = {
			isa = PBXGroup;
			children = (
				948E78BC23A9D8B900C8A94D /* HomeDataSourceController.swift */,
			);
			path = Controller;
			sourceTree = "<group>";
		};
		948E78BF23AAA4D900C8A94D /* Model */ = {
			isa = PBXGroup;
			children = (
				948E78C323AAA58000C8A94D /* DataSource.swift */,
				94472E8223AC158500DDFD7B /* User.swift */,
				9486007423B27A1E0087332C /* Tweet.swift */,
			);
			path = Model;
			sourceTree = "<group>";
		};
		948E78C023AAA4DE00C8A94D /* View */ = {
			isa = PBXGroup;
			children = (
				948E78C123AAA52A00C8A94D /* UserHeaderFooter.swift */,
				94472E8423AD2FE700DDFD7B /* UserCell.swift */,
				9486007223B272A90087332C /* TweetCell.swift */,
			);
			path = View;
			sourceTree = "<group>";
		};
		EAA71E3F3ABEF4F560307A30 /* Pods */ = {
			isa = PBXGroup;
			children = (
				69ED7E211B28BD5BE5FB7BD0 /* Pods-Twitter Clone.debug.xcconfig */,
				7B50A1FCC4C53003FD34D0E0 /* Pods-Twitter Clone.release.xcconfig */,
			);
			path = Pods;
			sourceTree = "<group>";
		};
/* End PBXGroup section */

/* Begin PBXNativeTarget section */
		94318A8523A97EC1003D1C3D /* Twitter Clone */ = {
			isa = PBXNativeTarget;
			buildConfigurationList = 94318A9A23A97EC3003D1C3D /* Build configuration list for PBXNativeTarget "Twitter Clone" */;
			buildPhases = (
				A2A8B9E9255A42BC5442B276 /* [CP] Check Pods Manifest.lock */,
				94318A8223A97EC1003D1C3D /* Sources */,
				94318A8323A97EC1003D1C3D /* Frameworks */,
				94318A8423A97EC1003D1C3D /* Resources */,
				075E9392A041D66E2E3E75DD /* [CP] Embed Pods Frameworks */,
			);
			buildRules = (
			);
			dependencies = (
			);
			name = "Twitter Clone";
			productName = "Twitter Clone";
			productReference = 94318A8623A97EC1003D1C3D /* Twitter Clone.app */;
			productType = "com.apple.product-type.application";
		};
/* End PBXNativeTarget section */

/* Begin PBXProject section */
		94318A7E23A97EC1003D1C3D /* Project object */ = {
			isa = PBXProject;
			attributes = {
				LastSwiftUpdateCheck = 1120;
				LastUpgradeCheck = 1120;
				ORGANIZATIONNAME = "Antonio Orozco";
				TargetAttributes = {
					94318A8523A97EC1003D1C3D = {
						CreatedOnToolsVersion = 11.2.1;
					};
				};
			};
			buildConfigurationList = 94318A8123A97EC1003D1C3D /* Build configuration list for PBXProject "Twitter Clone" */;
			compatibilityVersion = "Xcode 9.3";
			developmentRegion = en;
			hasScannedForEncodings = 0;
			knownRegions = (
				en,
				Base,
			);
			mainGroup = 94318A7D23A97EC1003D1C3D;
			productRefGroup = 94318A8723A97EC1003D1C3D /* Products */;
			projectDirPath = "";
			projectRoot = "";
			targets = (
				94318A8523A97EC1003D1C3D /* Twitter Clone */,
			);
		};
/* End PBXProject section */

/* Begin PBXResourcesBuildPhase section */
		94318A8423A97EC1003D1C3D /* Resources */ = {
			isa = PBXResourcesBuildPhase;
			buildActionMask = 2147483647;
			files = (
				94472E8923B1328900DDFD7B /* Launch Screen.storyboard in Resources */,
				94318A9323A97EC3003D1C3D /* Assets.xcassets in Resources */,
			);
			runOnlyForDeploymentPostprocessing = 0;
		};
/* End PBXResourcesBuildPhase section */

/* Begin PBXShellScriptBuildPhase section */
		075E9392A041D66E2E3E75DD /* [CP] Embed Pods Frameworks */ = {
			isa = PBXShellScriptBuildPhase;
			buildActionMask = 2147483647;
			files = (
			);
			inputFileListPaths = (
				"${PODS_ROOT}/Target Support Files/Pods-Twitter Clone/Pods-Twitter Clone-frameworks-${CONFIGURATION}-input-files.xcfilelist",
			);
			name = "[CP] Embed Pods Frameworks";
			outputFileListPaths = (
				"${PODS_ROOT}/Target Support Files/Pods-Twitter Clone/Pods-Twitter Clone-frameworks-${CONFIGURATION}-output-files.xcfilelist",
			);
			runOnlyForDeploymentPostprocessing = 0;
			shellPath = /bin/sh;
			shellScript = "\"${PODS_ROOT}/Target Support Files/Pods-Twitter Clone/Pods-Twitter Clone-frameworks.sh\"\n";
			showEnvVarsInLog = 0;
		};
		A2A8B9E9255A42BC5442B276 /* [CP] Check Pods Manifest.lock */ = {
			isa = PBXShellScriptBuildPhase;
			buildActionMask = 2147483647;
			files = (
			);
			inputFileListPaths = (
			);
			inputPaths = (
				"${PODS_PODFILE_DIR_PATH}/Podfile.lock",
				"${PODS_ROOT}/Manifest.lock",
			);
			name = "[CP] Check Pods Manifest.lock";
			outputFileListPaths = (
			);
			outputPaths = (
				"$(DERIVED_FILE_DIR)/Pods-Twitter Clone-checkManifestLockResult.txt",
			);
			runOnlyForDeploymentPostprocessing = 0;
			shellPath = /bin/sh;
			shellScript = "diff \"${PODS_PODFILE_DIR_PATH}/Podfile.lock\" \"${PODS_ROOT}/Manifest.lock\" > /dev/null\nif [ $? != 0 ] ; then\n    # print error to STDERR\n    echo \"error: The sandbox is not in sync with the Podfile.lock. Run 'pod install' or update your CocoaPods installation.\" >&2\n    exit 1\nfi\n# This output is used by Xcode 'outputs' to avoid re-running this script phase.\necho \"SUCCESS\" > \"${SCRIPT_OUTPUT_FILE_0}\"\n";
			showEnvVarsInLog = 0;
		};
/* End PBXShellScriptBuildPhase section */

/* Begin PBXSourcesBuildPhase section */
		94318A8223A97EC1003D1C3D /* Sources */ = {
			isa = PBXSourcesBuildPhase;
			buildActionMask = 2147483647;
			files = (
				948E78C423AAA58000C8A94D /* DataSource.swift in Sources */,
				9486007523B27A1E0087332C /* Tweet.swift in Sources */,
				9486007123B171970087332C /* SetupNavBarFunctions.swift in Sources */,
				948E78C223AAA52A00C8A94D /* UserHeaderFooter.swift in Sources */,
				9486007323B272A90087332C /* TweetCell.swift in Sources */,
				9486007A23B65DFF0087332C /* Service.swift in Sources */,
				94472E8323AC158500DDFD7B /* User.swift in Sources */,
				94318A8A23A97EC1003D1C3D /* AppDelegate.swift in Sources */,
				94318A8C23A97EC1003D1C3D /* SceneDelegate.swift in Sources */,
				948E78BD23A9D8B900C8A94D /* HomeDataSourceController.swift in Sources */,
				9486007723B57E090087332C /* Extensions.swift in Sources */,
				94472E8523AD2FE700DDFD7B /* UserCell.swift in Sources */,
			);
			runOnlyForDeploymentPostprocessing = 0;
		};
/* End PBXSourcesBuildPhase section */

/* Begin XCBuildConfiguration section */
		94318A9823A97EC3003D1C3D /* Debug */ = {
			isa = XCBuildConfiguration;
			buildSettings = {
				ALWAYS_SEARCH_USER_PATHS = NO;
				CLANG_ANALYZER_NONNULL = YES;
				CLANG_ANALYZER_NUMBER_OBJECT_CONVERSION = YES_AGGRESSIVE;
				CLANG_CXX_LANGUAGE_STANDARD = "gnu++14";
				CLANG_CXX_LIBRARY = "libc++";
				CLANG_ENABLE_MODULES = YES;
				CLANG_ENABLE_OBJC_ARC = YES;
				CLANG_ENABLE_OBJC_WEAK = YES;
				CLANG_WARN_BLOCK_CAPTURE_AUTORELEASING = YES;
				CLANG_WARN_BOOL_CONVERSION = YES;
				CLANG_WARN_COMMA = YES;
				CLANG_WARN_CONSTANT_CONVERSION = YES;
				CLANG_WARN_DEPRECATED_OBJC_IMPLEMENTATIONS = YES;
				CLANG_WARN_DIRECT_OBJC_ISA_USAGE = YES_ERROR;
				CLANG_WARN_DOCUMENTATION_COMMENTS = YES;
				CLANG_WARN_EMPTY_BODY = YES;
				CLANG_WARN_ENUM_CONVERSION = YES;
				CLANG_WARN_INFINITE_RECURSION = YES;
				CLANG_WARN_INT_CONVERSION = YES;
				CLANG_WARN_NON_LITERAL_NULL_CONVERSION = YES;
				CLANG_WARN_OBJC_IMPLICIT_RETAIN_SELF = YES;
				CLANG_WARN_OBJC_LITERAL_CONVERSION = YES;
				CLANG_WARN_OBJC_ROOT_CLASS = YES_ERROR;
				CLANG_WARN_RANGE_LOOP_ANALYSIS = YES;
				CLANG_WARN_STRICT_PROTOTYPES = YES;
				CLANG_WARN_SUSPICIOUS_MOVE = YES;
				CLANG_WARN_UNGUARDED_AVAILABILITY = YES_AGGRESSIVE;
				CLANG_WARN_UNREACHABLE_CODE = YES;
				CLANG_WARN__DUPLICATE_METHOD_MATCH = YES;
				COPY_PHASE_STRIP = NO;
				DEBUG_INFORMATION_FORMAT = dwarf;
				ENABLE_STRICT_OBJC_MSGSEND = YES;
				ENABLE_TESTABILITY = YES;
				GCC_C_LANGUAGE_STANDARD = gnu11;
				GCC_DYNAMIC_NO_PIC = NO;
				GCC_NO_COMMON_BLOCKS = YES;
				GCC_OPTIMIZATION_LEVEL = 0;
				GCC_PREPROCESSOR_DEFINITIONS = (
					"DEBUG=1",
					"$(inherited)",
				);
				GCC_WARN_64_TO_32_BIT_CONVERSION = YES;
				GCC_WARN_ABOUT_RETURN_TYPE = YES_ERROR;
				GCC_WARN_UNDECLARED_SELECTOR = YES;
				GCC_WARN_UNINITIALIZED_AUTOS = YES_AGGRESSIVE;
				GCC_WARN_UNUSED_FUNCTION = YES;
				GCC_WARN_UNUSED_VARIABLE = YES;
				IPHONEOS_DEPLOYMENT_TARGET = 13.2;
				MTL_ENABLE_DEBUG_INFO = INCLUDE_SOURCE;
				MTL_FAST_MATH = YES;
				ONLY_ACTIVE_ARCH = YES;
				SDKROOT = iphoneos;
				SWIFT_ACTIVE_COMPILATION_CONDITIONS = DEBUG;
				SWIFT_OPTIMIZATION_LEVEL = "-Onone";
			};
			name = Debug;
		};
		94318A9923A97EC3003D1C3D /* Release */ = {
			isa = XCBuildConfiguration;
			buildSettings = {
				ALWAYS_SEARCH_USER_PATHS = NO;
				CLANG_ANALYZER_NONNULL = YES;
				CLANG_ANALYZER_NUMBER_OBJECT_CONVERSION = YES_AGGRESSIVE;
				CLANG_CXX_LANGUAGE_STANDARD = "gnu++14";
				CLANG_CXX_LIBRARY = "libc++";
				CLANG_ENABLE_MODULES = YES;
				CLANG_ENABLE_OBJC_ARC = YES;
				CLANG_ENABLE_OBJC_WEAK = YES;
				CLANG_WARN_BLOCK_CAPTURE_AUTORELEASING = YES;
				CLANG_WARN_BOOL_CONVERSION = YES;
				CLANG_WARN_COMMA = YES;
				CLANG_WARN_CONSTANT_CONVERSION = YES;
				CLANG_WARN_DEPRECATED_OBJC_IMPLEMENTATIONS = YES;
				CLANG_WARN_DIRECT_OBJC_ISA_USAGE = YES_ERROR;
				CLANG_WARN_DOCUMENTATION_COMMENTS = YES;
				CLANG_WARN_EMPTY_BODY = YES;
				CLANG_WARN_ENUM_CONVERSION = YES;
				CLANG_WARN_INFINITE_RECURSION = YES;
				CLANG_WARN_INT_CONVERSION = YES;
				CLANG_WARN_NON_LITERAL_NULL_CONVERSION = YES;
				CLANG_WARN_OBJC_IMPLICIT_RETAIN_SELF = YES;
				CLANG_WARN_OBJC_LITERAL_CONVERSION = YES;
				CLANG_WARN_OBJC_ROOT_CLASS = YES_ERROR;
				CLANG_WARN_RANGE_LOOP_ANALYSIS = YES;
				CLANG_WARN_STRICT_PROTOTYPES = YES;
				CLANG_WARN_SUSPICIOUS_MOVE = YES;
				CLANG_WARN_UNGUARDED_AVAILABILITY = YES_AGGRESSIVE;
				CLANG_WARN_UNREACHABLE_CODE = YES;
				CLANG_WARN__DUPLICATE_METHOD_MATCH = YES;
				COPY_PHASE_STRIP = NO;
				DEBUG_INFORMATION_FORMAT = "dwarf-with-dsym";
				ENABLE_NS_ASSERTIONS = NO;
				ENABLE_STRICT_OBJC_MSGSEND = YES;
				GCC_C_LANGUAGE_STANDARD = gnu11;
				GCC_NO_COMMON_BLOCKS = YES;
				GCC_WARN_64_TO_32_BIT_CONVERSION = YES;
				GCC_WARN_ABOUT_RETURN_TYPE = YES_ERROR;
				GCC_WARN_UNDECLARED_SELECTOR = YES;
				GCC_WARN_UNINITIALIZED_AUTOS = YES_AGGRESSIVE;
				GCC_WARN_UNUSED_FUNCTION = YES;
				GCC_WARN_UNUSED_VARIABLE = YES;
				IPHONEOS_DEPLOYMENT_TARGET = 13.2;
				MTL_ENABLE_DEBUG_INFO = NO;
				MTL_FAST_MATH = YES;
				SDKROOT = iphoneos;
				SWIFT_COMPILATION_MODE = wholemodule;
				SWIFT_OPTIMIZATION_LEVEL = "-O";
				VALIDATE_PRODUCT = YES;
			};
			name = Release;
		};
		94318A9B23A97EC3003D1C3D /* Debug */ = {
			isa = XCBuildConfiguration;
			baseConfigurationReference = 69ED7E211B28BD5BE5FB7BD0 /* Pods-Twitter Clone.debug.xcconfig */;
			buildSettings = {
				ASSETCATALOG_COMPILER_APPICON_NAME = AppIcon;
				CODE_SIGN_STYLE = Automatic;
				DEVELOPMENT_TEAM = N6UAGD6F2D;
				INFOPLIST_FILE = "Twitter Clone/Info.plist";
				LD_RUNPATH_SEARCH_PATHS = (
					"$(inherited)",
					"@executable_path/Frameworks",
				);
				PRODUCT_BUNDLE_IDENTIFIER = "com.antonio-duush-CO.Twitter-Clone";
				PRODUCT_NAME = "$(TARGET_NAME)";
				SWIFT_VERSION = 5.0;
				TARGETED_DEVICE_FAMILY = "1,2";
			};
			name = Debug;
		};
		94318A9C23A97EC3003D1C3D /* Release */ = {
			isa = XCBuildConfiguration;
			baseConfigurationReference = 7B50A1FCC4C53003FD34D0E0 /* Pods-Twitter Clone.release.xcconfig */;
			buildSettings = {
				ASSETCATALOG_COMPILER_APPICON_NAME = AppIcon;
				CODE_SIGN_STYLE = Automatic;
				DEVELOPMENT_TEAM = N6UAGD6F2D;
				INFOPLIST_FILE = "Twitter Clone/Info.plist";
				LD_RUNPATH_SEARCH_PATHS = (
					"$(inherited)",
					"@executable_path/Frameworks",
				);
				PRODUCT_BUNDLE_IDENTIFIER = "com.antonio-duush-CO.Twitter-Clone";
				PRODUCT_NAME = "$(TARGET_NAME)";
				SWIFT_VERSION = 5.0;
				TARGETED_DEVICE_FAMILY = "1,2";
			};
			name = Release;
		};
/* End XCBuildConfiguration section */

/* Begin XCConfigurationList section */
		94318A8123A97EC1003D1C3D /* Build configuration list for PBXProject "Twitter Clone" */ = {
			isa = XCConfigurationList;
			buildConfigurations = (
				94318A9823A97EC3003D1C3D /* Debug */,
				94318A9923A97EC3003D1C3D /* Release */,
			);
			defaultConfigurationIsVisible = 0;
			defaultConfigurationName = Release;
		};
		94318A9A23A97EC3003D1C3D /* Build configuration list for PBXNativeTarget "Twitter Clone" */ = {
			isa = XCConfigurationList;
			buildConfigurations = (
				94318A9B23A97EC3003D1C3D /* Debug */,
				94318A9C23A97EC3003D1C3D /* Release */,
			);
			defaultConfigurationIsVisible = 0;
			defaultConfigurationName = Release;
		};
/* End XCConfigurationList section */
	};
	rootObject = 94318A7E23A97EC1003D1C3D /* Project object */;
}
